
Microsoft Visual Studio Solution File, Format Version 12.00
# Visual Studio Version 16
VisualStudioVersion = 16.0.30621.155
MinimumVisualStudioVersion = 10.0.40219.1
Project("{FAE04EC0-301F-11D3-BF4B-00C04F79EFBC}") = "CursoAtividade", "CursoAtividade\CursoAtividade.csproj", "{C882ECA6-5961-4BE9-8B14-6C7E2BFDA714}"
EndProject
Global
	GlobalSection(SolutionConfigurationPlatforms) = preSolution
		Debug|Any CPU = Debug|Any CPU
		Release|Any CPU = Release|Any CPU
	EndGlobalSection
	GlobalSection(ProjectConfigurationPlatforms) = postSolution
		{C882ECA6-5961-4BE9-8B14-6C7E2BFDA714}.Debug|Any CPU.ActiveCfg = Debug|Any CPU
		{C882ECA6-5961-4BE9-8B14-6C7E2BFDA714}.Debug|Any CPU.Build.0 = Debug|Any CPU
		{C882ECA6-5961-4BE9-8B14-6C7E2BFDA714}.Release|Any CPU.ActiveCfg = Release|Any CPU
		{C882ECA6-5961-4BE9-8B14-6C7E2BFDA714}.Release|Any CPU.Build.0 = Release|Any CPU
	EndGlobalSection
	GlobalSection(SolutionProperties) = preSolution
		HideSolutionNode = FALSE
	EndGlobalSection
	GlobalSection(ExtensibilityGlobals) = postSolution
		SolutionGuid = {539C81DC-D364-4942-984E-028EA0F96730}
	EndGlobalSection
EndGlobal
